
Microsoft Visual Studio Solution File, Format Version 12.00
# Visual Studio Version 16
VisualStudioVersion = 16.0.30517.126
MinimumVisualStudioVersion = 10.0.40219.1
Project("{9A19103F-16F7-4668-BE54-9A1E7A4F7556}") = "ServiceA", "ServiceA\ServiceA.csproj", "{5B57B246-2C1C-4C0C-B576-7DC174F93156}"
EndProject
Project("{FAE04EC0-301F-11D3-BF4B-00C04F79EFBC}") = "ServiceB", "ServiceB\ServiceB.csproj", "{38C2F79D-A2CF-4EC4-9BEE-8540E7E04808}"
EndProject
Project("{FAE04EC0-301F-11D3-BF4B-00C04F79EFBC}") = "Common", "Common\Common.csproj", "{00DD3F66-AAA7-41A5-82E0-2758949D33F8}"
EndProject
Project("{FAE04EC0-301F-11D3-BF4B-00C04F79EFBC}") = "ApiGateway", "ApiGateway\ApiGateway.csproj", "{0424A508-78A9-4870-AA2D-D1D5ED694081}"
EndProject
Global
	GlobalSection(SolutionConfigurationPlatforms) = preSolution
		Debug|Any CPU = Debug|Any CPU
		Release|Any CPU = Release|Any CPU
	EndGlobalSection
	GlobalSection(ProjectConfigurationPlatforms) = postSolution
		{5B57B246-2C1C-4C0C-B576-7DC174F93156}.Debug|Any CPU.ActiveCfg = Debug|Any CPU
		{5B57B246-2C1C-4C0C-B576-7DC174F93156}.Debug|Any CPU.Build.0 = Debug|Any CPU
		{5B57B246-2C1C-4C0C-B576-7DC174F93156}.Release|Any CPU.ActiveCfg = Release|Any CPU
		{5B57B246-2C1C-4C0C-B576-7DC174F93156}.Release|Any CPU.Build.0 = Release|Any CPU
		{38C2F79D-A2CF-4EC4-9BEE-8540E7E04808}.Debug|Any CPU.ActiveCfg = Debug|Any CPU
		{38C2F79D-A2CF-4EC4-9BEE-8540E7E04808}.Debug|Any CPU.Build.0 = Debug|Any CPU
		{38C2F79D-A2CF-4EC4-9BEE-8540E7E04808}.Release|Any CPU.ActiveCfg = Release|Any CPU
		{38C2F79D-A2CF-4EC4-9BEE-8540E7E04808}.Release|Any CPU.Build.0 = Release|Any CPU
		{00DD3F66-AAA7-41A5-82E0-2758949D33F8}.Debug|Any CPU.ActiveCfg = Debug|Any CPU
		{00DD3F66-AAA7-41A5-82E0-2758949D33F8}.Debug|Any CPU.Build.0 = Debug|Any CPU
		{00DD3F66-AAA7-41A5-82E0-2758949D33F8}.Release|Any CPU.ActiveCfg = Release|Any CPU
		{00DD3F66-AAA7-41A5-82E0-2758949D33F8}.Release|Any CPU.Build.0 = Release|Any CPU
		{0424A508-78A9-4870-AA2D-D1D5ED694081}.Debug|Any CPU.ActiveCfg = Debug|Any CPU
		{0424A508-78A9-4870-AA2D-D1D5ED694081}.Debug|Any CPU.Build.0 = Debug|Any CPU
		{0424A508-78A9-4870-AA2D-D1D5ED694081}.Release|Any CPU.ActiveCfg = Release|Any CPU
		{0424A508-78A9-4870-AA2D-D1D5ED694081}.Release|Any CPU.Build.0 = Release|Any CPU
	EndGlobalSection
	GlobalSection(SolutionProperties) = preSolution
		HideSolutionNode = FALSE
	EndGlobalSection
	GlobalSection(ExtensibilityGlobals) = postSolution
		SolutionGuid = {BCCCFE65-E0B2-4A91-92E0-2C1F3C5CAD4C}
	EndGlobalSection
EndGlobal
